
Microsoft Visual Studio Solution File, Format Version 12.00
# Visual Studio Version 17
VisualStudioVersion = 17.1.32210.238
MinimumVisualStudioVersion = 10.0.40219.1
Project("{8BC9CEB8-8B4A-11D0-8D11-00A0C91BC942}") = "QEEMain", "QEEMain.vcxproj", "{951CE2E3-16AF-449D-8827-D406637377DA}"
EndProject
Global
	GlobalSection(SolutionConfigurationPlatforms) = preSolution
		Debug|x64 = Debug|x64
		Release|x64 = Release|x64
	EndGlobalSection
	GlobalSection(ProjectConfigurationPlatforms) = postSolution
		{951CE2E3-16AF-449D-8827-D406637377DA}.Debug|x64.ActiveCfg = Debug|x64
		{951CE2E3-16AF-449D-8827-D406637377DA}.Debug|x64.Build.0 = Debug|x64
		{951CE2E3-16AF-449D-8827-D406637377DA}.Release|x64.ActiveCfg = Release|x64
		{951CE2E3-16AF-449D-8827-D406637377DA}.Release|x64.Build.0 = Release|x64
	EndGlobalSection
	GlobalSection(SolutionProperties) = preSolution
		HideSolutionNode = FALSE
	EndGlobalSection
	GlobalSection(ExtensibilityGlobals) = postSolution
		SolutionGuid = {00E20209-1FF7-4A57-947F-864E996984BF}
	EndGlobalSection
EndGlobal
